hash: 7debaaf616e47d89cf74efc85fd079298adcdf060fc7ac4061fdb930c567d7b5
updated: 2019-03-01T20:35:28.581443+11:00
imports:
- name: github.com/augustoroman/v8
  version: 41c28ac8c5566b20bb9f90aa624364389418edfe
- name: github.com/beorn7/perks
  version: 3a771d992973f24aa725d07868b467d1ddfceafb
  subpackages:
  - quantile
- name: github.com/dgrijalva/jwt-go
  version: 3af4c746e1c248ee8491a3e0c6f7a9cd831e95f8
- name: github.com/fsnotify/fsnotify
  version: ccc981bf80385c528a65fbfdd49bf2d8da22aa23
- name: github.com/globalsign/mgo
  version: eeefdecb41b842af6dc652aaea4026e8403e62df
  subpackages:
  - bson
  - internal/json
  - internal/sasl
  - internal/scram
- name: github.com/go-http-utils/logger
  version: f3a42dcdeae6e445c9e986b7fda289d98db10414
- name: github.com/go-redis/redis
  version: 69c8af34df7a2f3e80754203614031ea9386cba9
  subpackages:
  - internal
  - internal/consistenthash
  - internal/hashtag
  - internal/pool
  - internal/proto
  - internal/util
- name: github.com/gogo/googleapis
  version: 8558fb44d2f1fc223118afc694129d2c2d2924d1
  subpackages:
  - google/api
- name: github.com/gogo/protobuf
  version: ba06b47c162d49f2af050fb4c75bcbc86a159d5c
  subpackages:
  - gogoproto
  - proto
  - protoc-gen-gogo/descriptor
  - sortkeys
  - types
- name: github.com/golang/protobuf
  version: b5d812f8a3706043e23a9cd5babf2e5423744d30
  subpackages:
  - jsonpb
  - proto
  - protoc-gen-go/descriptor
  - protoc-gen-go/generator
  - protoc-gen-go/generator/internal/remap
  - protoc-gen-go/plugin
  - ptypes
  - ptypes/any
  - ptypes/duration
  - ptypes/struct
  - ptypes/timestamp
  - ptypes/wrappers
- name: github.com/google/uuid
  version: 0cd6bf5da1e1c83f8b45653022c74f71af0538a4
- name: github.com/gorilla/mux
  version: 15a353a636720571d19e37b34a14499c3afa9991
- name: github.com/gorilla/websocket
  version: 66b9c49e59c6c48f0ffce28c2d8b8a5678502c6d
- name: github.com/grpc-ecosystem/grpc-gateway
  version: 0c2b3b165f486a2c49b627e71880172d27607a04
  subpackages:
  - internal
  - runtime
  - utilities
- name: github.com/hashicorp/hcl
  version: 65a6292f0157eff210d03ed1bf6c59b190b8b906
  subpackages:
  - hcl/ast
  - hcl/parser
  - hcl/printer
  - hcl/scanner
  - hcl/strconv
  - hcl/token
  - json/parser
  - json/scanner
  - json/token
- name: github.com/inconshreveable/mousetrap
  version: 76626ae9c91c4f2a10f34cad8ce83ea42c93bb75
- name: github.com/influxdata/influxdb1-client
  version: 16c852ea613fa2d42fcdccc9a8b0802a8bdc6140
  subpackages:
  - models
  - pkg/escape
- name: github.com/magiconair/properties
  version: 7757cc9fdb852f7579b24170bcacda2c7471bb6a
- name: github.com/matttproud/golang_protobuf_extensions
  version: c182affec369e30f25d3eb8cd8a478dee585ae7d
  subpackages:
  - pbutil
- name: github.com/mitchellh/mapstructure
  version: 3536a929edddb9a5b34bd6861dc4a9647cb459fe
- name: github.com/nats-io/go-nats
  version: 70fe06cee50d4b6f98248d9675fb55f2a3aa7228
  subpackages:
  - encoders/builtin
  - util
- name: github.com/nats-io/nkeys
  version: 1546a3320a8f195a5b5c84aef8309377c2e411d5
- name: github.com/nats-io/nuid
  version: 3024a71c3cbe30667286099921591e6fcc328230
- name: github.com/opentracing/opentracing-go
  version: 25a84ff92183e2f8ac018ba1db54f8a07b3c0e04
  subpackages:
  - ext
  - log
- name: github.com/pelletier/go-toml
  version: 27c6b39a135b7dc87a14afb068809132fb7a9a8f
- name: github.com/prometheus/client_golang
  version: 505eaef017263e299324067d40ca2c48f6a2cf50
  subpackages:
  - prometheus
  - prometheus/internal
- name: github.com/prometheus/client_model
  version: fd36f4220a901265f90734c3183c5f0c91daa0b8
  subpackages:
  - go
- name: github.com/prometheus/common
  version: 7a3416fd1f41341905f138746c51a5092e7ddf7a
  subpackages:
  - expfmt
  - internal/bitbucket.org/ww/goautoneg
  - model
- name: github.com/prometheus/procfs
  version: bbced9601137e764853b2fad7ec3e2dc4c504e02
  subpackages:
  - internal/util
  - iostats
  - nfs
  - xfs
- name: github.com/rcrowley/go-metrics
  version: 3113b8401b8a98917cde58f8bbd42a1b1c03b1fd
- name: github.com/robfig/cron
  version: b41be1df696709bb6395fe435af20370037c0b4c
- name: github.com/rs/cors
  version: 9a47f48565a795472d43519dd49aac781f3034fb
- name: github.com/simplereach/timeutils
  version: 1a719258b86a08630289b86902ab16817ba641e9
- name: github.com/spf13/afero
  version: f4711e4db9e9a1d3887343acb72b2bbfc2f686f5
  subpackages:
  - mem
- name: github.com/spf13/cast
  version: 8c9545af88b134710ab1cd196795e7f2388358d7
- name: github.com/spf13/cobra
  version: ef82de70bb3f60c65fb8eebacbb2d122ef517385
- name: github.com/spf13/jwalterweatherman
  version: 94f6ae3ed3bceceafa716478c5fbf8d29ca601a1
- name: github.com/spf13/pflag
  version: 24fa6976df40757dce6aea913e7b81ade90530e1
- name: github.com/spf13/viper
  version: 6d33b5a963d922d182c91e8a1c88d81fd150cfd4
- name: github.com/stripe/stripe-go
  version: 08bc5b80342e37468259c836503cb81760871eb7
  subpackages:
  - customer
  - form
  - plan
  - product
  - sub
- name: github.com/tcfw/go-queue
  version: d9d11e86c81c29f05e990d20e6c10700e5460e08
- name: github.com/tstranex/u2f
  version: d21a03e0b1d9fc1df59ff54e7a513655c1748b0c
- name: github.com/vrischmann/go-metrics-influxdb
  version: 4457d7e0175cb32fae2bc835bbd3e36c4feffd59
- name: golang.org/x/crypto
  version: 8dd112bcdc25174059e45e07517d9fc663123347
  subpackages:
  - bcrypt
  - blowfish
  - ed25519
  - ed25519/internal/edwards25519
- name: golang.org/x/net
  version: 92fc7df08ae7536330f5a21328292abfa70520a8
  subpackages:
  - context
  - http/httpguts
  - http2
  - http2/hpack
  - idna
  - internal/timeseries
  - trace
- name: golang.org/x/sys
  version: a34e9553db1e492c9a76e60db2296ae7e5fbb772
  subpackages:
  - unix
- name: golang.org/x/text
  version: d14c52b222ee852cdba8b07206ca0c614b389876
  subpackages:
  - secure/bidirule
  - transform
  - unicode/bidi
  - unicode/norm
- name: google.golang.org/genproto
  version: 4f5b463f9597cbe0dd13a6a2cd4f85e788d27508
  subpackages:
  - googleapis/rpc/status
  - protobuf/field_mask
- name: google.golang.org/grpc
  version: 914c52b240b05e4562b1d09e5e7cf3c57495d442
  subpackages:
  - balancer
  - balancer/base
  - balancer/roundrobin
  - binarylog/grpc_binarylog_v1
  - codes
  - connectivity
  - credentials
  - credentials/internal
  - encoding
  - encoding/proto
  - grpclog
  - internal
  - internal/backoff
  - internal/binarylog
  - internal/channelz
  - internal/envconfig
  - internal/grpcrand
  - internal/grpcsync
  - internal/syscall
  - internal/transport
  - keepalive
  - metadata
  - naming
  - peer
  - resolver
  - resolver/dns
  - resolver/passthrough
  - stats
  - status
  - tap
- name: gopkg.in/mgo.v2
  version: 9856a29383ce1c59f308dd1cf0363a79b5bef6b5
  subpackages:
  - bson
  - internal/json
- name: gopkg.in/yaml.v2
  version: 51d6538a90f86fe93ac480b35f37b2be17fef232
testImports:
- name: github.com/corpix/uarand
  version: 37c9140f52f6bf4998ff7617c456d554d6a2dc2f
- name: github.com/davecgh/go-spew
  version: d8f796af33cc11cb798c1aaeb27a4ebc5099927d
  subpackages:
  - spew
- name: github.com/icrowley/fake
  version: 4178557ae428460c3780a381c824a1f3aceb6325
- name: github.com/pmezard/go-difflib
  version: 5d4384ee4fb2527b0a1256a821ebfc92f91efefc
  subpackages:
  - difflib
- name: github.com/stretchr/testify
  version: ffdc059bfe9ce6a4e144ba849dbedead332c6053
  subpackages:
  - assert
