hash: 7debaaf616e47d89cf74efc85fd079298adcdf060fc7ac4061fdb930c567d7b5
updated: 2019-05-05T12:51:27.100563+10:00
imports:
- name: github.com/augustoroman/v8
  version: 41c28ac8c5566b20bb9f90aa624364389418edfe
- name: github.com/beorn7/perks
  version: 3a771d992973f24aa725d07868b467d1ddfceafb
  subpackages:
  - quantile
- name: github.com/dgrijalva/jwt-go
  version: 3af4c746e1c248ee8491a3e0c6f7a9cd831e95f8
- name: github.com/fsnotify/fsnotify
  version: 1485a34d5d5723fea214f5710708e19a831720e4
- name: github.com/globalsign/mgo
  version: eeefdecb41b842af6dc652aaea4026e8403e62df
  subpackages:
  - bson
  - internal/json
  - internal/sasl
  - internal/scram
- name: github.com/go-http-utils/logger
  version: f3a42dcdeae6e445c9e986b7fda289d98db10414
- name: github.com/go-redis/redis
  version: a679e614427ac801aafbf444481210440c8a2694
  subpackages:
  - internal
  - internal/consistenthash
  - internal/hashtag
  - internal/pool
  - internal/proto
  - internal/util
- name: github.com/gogo/googleapis
  version: d31c731455cb061f42baff3bda55bad0118b126b
  subpackages:
  - google/api
- name: github.com/gogo/protobuf
  version: 382325bbbb4d1c850eec1f3ec92a1a16f502d68b
  subpackages:
  - gogoproto
  - proto
  - protoc-gen-gogo/descriptor
  - sortkeys
  - types
- name: github.com/golang/protobuf
  version: d3c38a4eb4970272b87a425ae00ccc4548e2f9bb
  subpackages:
  - jsonpb
  - proto
  - protoc-gen-go/descriptor
  - protoc-gen-go/generator
  - protoc-gen-go/generator/internal/remap
  - protoc-gen-go/plugin
  - ptypes
  - ptypes/any
  - ptypes/duration
  - ptypes/struct
  - ptypes/timestamp
  - ptypes/wrappers
- name: github.com/google/uuid
  version: 0cd6bf5da1e1c83f8b45653022c74f71af0538a4
- name: github.com/gorilla/handlers
  version: ac6d24f88de4584385a0cb3a88f953d08a2f7a05
- name: github.com/gorilla/mux
  version: c5c6c98bc25355028a63748a498942a6398ccd22
- name: github.com/gorilla/websocket
  version: 66b9c49e59c6c48f0ffce28c2d8b8a5678502c6d
- name: github.com/grpc-ecosystem/go-grpc-middleware
  version: cfaf5686ec79ff8344257723b6f5ba1ae0ffeb4d
  subpackages:
  - tags
  - tracing/opentracing
  - util/metautils
- name: github.com/grpc-ecosystem/go-grpc-prometheus
  version: ae0d8660c5f2108ca70a3776dbe0fb53cf79f1da
- name: github.com/grpc-ecosystem/grpc-gateway
  version: 79ff520b46091f8148bafeafd6e798826d6d47c2
  subpackages:
  - internal
  - runtime
  - utilities
- name: github.com/hashicorp/hcl
  version: 65a6292f0157eff210d03ed1bf6c59b190b8b906
  subpackages:
  - hcl/ast
  - hcl/parser
  - hcl/printer
  - hcl/scanner
  - hcl/strconv
  - hcl/token
  - json/parser
  - json/scanner
  - json/token
- name: github.com/inconshreveable/mousetrap
  version: 76626ae9c91c4f2a10f34cad8ce83ea42c93bb75
- name: github.com/influxdata/influxdb1-client
  version: 8ff2fc3824fcb533795f9a2f233275f0bb18d6c5
  subpackages:
  - models
  - pkg/escape
- name: github.com/lib/pq
  version: ceb88a0649027d76542fd8084fcb4e07b4d52295
  subpackages:
  - oid
  - scram
- name: github.com/magiconair/properties
  version: 7757cc9fdb852f7579b24170bcacda2c7471bb6a
- name: github.com/matttproud/golang_protobuf_extensions
  version: c182affec369e30f25d3eb8cd8a478dee585ae7d
  subpackages:
  - pbutil
- name: github.com/mitchellh/mapstructure
  version: 3536a929edddb9a5b34bd6861dc4a9647cb459fe
- name: github.com/nats-io/go-nats
  version: 70fe06cee50d4b6f98248d9675fb55f2a3aa7228
  subpackages:
  - encoders/builtin
  - util
- name: github.com/nats-io/nkeys
  version: 1546a3320a8f195a5b5c84aef8309377c2e411d5
- name: github.com/nats-io/nuid
  version: 3024a71c3cbe30667286099921591e6fcc328230
- name: github.com/opentracing/opentracing-go
  version: 659c90643e714681897ec2521c60567dd21da733
  subpackages:
  - ext
  - log
- name: github.com/pelletier/go-toml
  version: 63909f0a90ab0f36909e8e044e46ace10cf13ba2
- name: github.com/prometheus/client_golang
  version: 505eaef017263e299324067d40ca2c48f6a2cf50
  subpackages:
  - prometheus
  - prometheus/internal
- name: github.com/prometheus/client_model
  version: fd36f4220a901265f90734c3183c5f0c91daa0b8
  subpackages:
  - go
- name: github.com/prometheus/common
  version: a82f4c12f983cc2649298185f296632953e50d3e
  subpackages:
  - expfmt
  - internal/bitbucket.org/ww/goautoneg
  - model
- name: github.com/prometheus/procfs
  version: ea9eea63887261e4d8ed8315f4078e88d540c725
- name: github.com/rcrowley/go-metrics
  version: 3113b8401b8a98917cde58f8bbd42a1b1c03b1fd
- name: github.com/robfig/cron
  version: b41be1df696709bb6395fe435af20370037c0b4c
- name: github.com/rs/cors
  version: 9a47f48565a795472d43519dd49aac781f3034fb
- name: github.com/sendgrid/rest
  version: 8f995deebcbbba440a60746115fdb5524e7cf3fc
- name: github.com/sendgrid/sendgrid-go
  version: df2105ec04e32aff6b9e9a2fd1ca8e5c16a836c5
  subpackages:
  - helpers/mail
- name: github.com/simplereach/timeutils
  version: 1a719258b86a08630289b86902ab16817ba641e9
- name: github.com/spf13/afero
  version: 588a75ec4f32903aa5e39a2619ba6a4631e28424
  subpackages:
  - mem
- name: github.com/spf13/cast
  version: 8c9545af88b134710ab1cd196795e7f2388358d7
- name: github.com/spf13/cobra
  version: ef82de70bb3f60c65fb8eebacbb2d122ef517385
- name: github.com/spf13/jwalterweatherman
  version: 94f6ae3ed3bceceafa716478c5fbf8d29ca601a1
- name: github.com/spf13/pflag
  version: 24fa6976df40757dce6aea913e7b81ade90530e1
- name: github.com/spf13/viper
  version: 9e56dacc08fbbf8c9ee2dbc717553c758ce42bc9
- name: github.com/stripe/stripe-go
  version: 08bc5b80342e37468259c836503cb81760871eb7
  subpackages:
  - customer
  - form
  - plan
  - product
  - sub
- name: github.com/tcfw/go-queue
  version: d9d11e86c81c29f05e990d20e6c10700e5460e08
- name: github.com/tstranex/u2f
  version: d21a03e0b1d9fc1df59ff54e7a513655c1748b0c
- name: github.com/uber/jaeger-client-go
  version: 4a1ceded2cfca1a26407f6441f942fefb95ba3ab
  subpackages:
  - internal/baggage
  - internal/spanlog
  - internal/throttler
  - log
  - thrift
  - thrift-gen/agent
  - thrift-gen/jaeger
  - thrift-gen/sampling
  - thrift-gen/zipkincore
  - utils
  - zipkin
- name: github.com/uber/jaeger-lib
  version: 0e30338a695636fe5bcf7301e8030ce8dd2a8530
  subpackages:
  - metrics
  - metrics/prometheus
- name: github.com/vrischmann/go-metrics-influxdb
  version: 4457d7e0175cb32fae2bc835bbd3e36c4feffd59
- name: golang.org/x/crypto
  version: 38d8ce5564a5b71b2e3a00553993f1b9a7ae852f
  subpackages:
  - bcrypt
  - blowfish
  - ed25519
  - ed25519/internal/edwards25519
- name: golang.org/x/net
  version: eb5bcb51f2a31c7d5141d810b70815c05d9c9146
  subpackages:
  - context
  - http/httpguts
  - http2
  - http2/hpack
  - idna
  - internal/timeseries
  - trace
- name: golang.org/x/sys
  version: 4b34438f7a67ee5f45cc6132e2bad873a20324e9
  subpackages:
  - unix
  - windows
  - windows/registry
  - windows/svc
  - windows/svc/debug
  - windows/svc/eventlog
  - windows/svc/mgr
- name: golang.org/x/text
  version: 31e7599a6c37728c25ca34167be099d072ad335d
  subpackages:
  - secure/bidirule
  - transform
  - unicode/bidi
  - unicode/norm
- name: google.golang.org/genproto
  version: 64821d5d210748c883cd2b809589555ae4654203
  subpackages:
  - googleapis/api/httpbody
  - googleapis/rpc/status
  - protobuf/field_mask
- name: google.golang.org/grpc
  version: b03f6fd5e3dfa7663a225c36a15d623159f6724b
  subpackages:
  - balancer
  - balancer/base
  - balancer/roundrobin
  - binarylog/grpc_binarylog_v1
  - codes
  - connectivity
  - credentials
  - credentials/internal
  - encoding
  - encoding/proto
  - grpclog
  - internal
  - internal/backoff
  - internal/balancerload
  - internal/binarylog
  - internal/channelz
  - internal/envconfig
  - internal/grpcrand
  - internal/grpcsync
  - internal/syscall
  - internal/transport
  - keepalive
  - metadata
  - naming
  - peer
  - resolver
  - resolver/dns
  - resolver/passthrough
  - stats
  - status
  - tap
- name: gopkg.in/mgo.v2
  version: 9856a29383ce1c59f308dd1cf0363a79b5bef6b5
  subpackages:
  - bson
  - internal/json
- name: gopkg.in/yaml.v2
  version: 51d6538a90f86fe93ac480b35f37b2be17fef232
testImports:
- name: github.com/cockroachdb/cockroach-go
  version: e0a95dfd547cc9c3ebaaba1a12c2afe4bf621ac5
  subpackages:
  - testserver
- name: github.com/corpix/uarand
  version: 37c9140f52f6bf4998ff7617c456d554d6a2dc2f
- name: github.com/davecgh/go-spew
  version: d8f796af33cc11cb798c1aaeb27a4ebc5099927d
  subpackages:
  - spew
- name: github.com/icrowley/fake
  version: 4178557ae428460c3780a381c824a1f3aceb6325
- name: github.com/nats-io/gnatsd
  version: 44b01299c4288908b201cd8b338d5e78993965b4
  subpackages:
  - conf
  - logger
  - server
  - server/pse
  - test
- name: github.com/nats-io/jwt
  version: bf64ec394540d0e18ea26ca585877decc9b077f1
- name: github.com/pmezard/go-difflib
  version: 5d4384ee4fb2527b0a1256a821ebfc92f91efefc
  subpackages:
  - difflib
- name: github.com/stretchr/testify
  version: 34c6fa2dc70986bccbbffcc6130f6920a924b075
  subpackages:
  - assert
