# THIS IS AN AUTOGENERATED FILE. DO NOT EDIT THIS FILE DIRECTLY.
# yarn lockfile v1


tiny-cookie@^1.0:
  version "1.0.1"
  resolved "https://registry.yarnpkg.com/tiny-cookie/-/tiny-cookie-1.0.1.tgz#753786079c642a3c3d0b2accad600f8de119ac2a"

vue-cookie@^1.1.4:
  version "1.1.4"
  resolved "https://registry.yarnpkg.com/vue-cookie/-/vue-cookie-1.1.4.tgz#b8b46d112bda9f93a2f47017c2ed5282d2064fda"
  dependencies:
    tiny-cookie "^1.0"
